{
  "name": "project",
  "lockfileVersion": 2,
  "requires": true,
  "packages": {
    "": {
      "dependencies": {
        "bootstrap": "^5.2.3",
        "hover.css": "^2.3.2",
        "jquery": "^3.6.3",
        "require.js": "^1.0.0"
      }
    },
    "node_modules/@popperjs/core": {
      "version": "2.11.6",
      "resolved": "https://registry.npmmirror.com/@popperjs/core/-/core-2.11.6.tgz",
      "integrity": "sha512-50/17A98tWUfQ176raKiOGXuYpLyyVMkxxG6oylzL3BPOlA6ADGdK7EYunSa4I064xerltq9TGXs8HmOk5E+vw==",
      "peer": true
    },
    "node_modules/bootstrap": {
      "version": "5.2.3",
      "resolved": "https://registry.npmmirror.com/bootstrap/-/bootstrap-5.2.3.tgz",
      "integrity": "sha512-cEKPM+fwb3cT8NzQZYEu4HilJ3anCrWqh3CHAok1p9jXqMPsPTBhU25fBckEJHJ/p+tTxTFTsFQGM+gaHpi3QQ==",
      "peerDependencies": {
        "@popperjs/core": "^2.11.6"
      }
    },
    "node_modules/hover.css": {
      "version": "2.3.2",
      "resolved": "https://registry.npmmirror.com/hover.css/-/hover.css-2.3.2.tgz",
      "integrity": "sha512-eXch700vfcoSSAcEcU154lTHBYQy2cjGT+yJZtkKWxASBBiPVkqYOdMAa0sz4cYj2YIrl1FRE2s5O4EgOaIpig=="
    },
    "node_modules/jquery": {
      "version": "3.6.3",
      "resolved": "https://registry.npmmirror.com/jquery/-/jquery-3.6.3.tgz",
      "integrity": "sha512-bZ5Sy3YzKo9Fyc8wH2iIQK4JImJ6R0GWI9kL1/k7Z91ZBNgkRXE6U0JfHIizZbort8ZunhSI3jw9I6253ahKfg=="
    },
    "node_modules/require.js": {
      "version": "1.0.0",
      "resolved": "https://registry.npmmirror.com/require.js/-/require.js-1.0.0.tgz",
      "integrity": "sha512-+KwgNIkkrtblYf9Agaxy8p1eTnf7QkZQGk/gq+3rfZr4tROFpCMrz9/ImWfV6dQAO34MaR+VML3jKhen0Ea03A=="
    }
  },
  "dependencies": {
    "@popperjs/core": {
      "version": "2.11.6",
      "resolved": "https://registry.npmmirror.com/@popperjs/core/-/core-2.11.6.tgz",
      "integrity": "sha512-50/17A98tWUfQ176raKiOGXuYpLyyVMkxxG6oylzL3BPOlA6ADGdK7EYunSa4I064xerltq9TGXs8HmOk5E+vw==",
      "peer": true
    },
    "bootstrap": {
      "version": "5.2.3",
      "resolved": "https://registry.npmmirror.com/bootstrap/-/bootstrap-5.2.3.tgz",
      "integrity": "sha512-cEKPM+fwb3cT8NzQZYEu4HilJ3anCrWqh3CHAok1p9jXqMPsPTBhU25fBckEJHJ/p+tTxTFTsFQGM+gaHpi3QQ==",
      "requires": {}
    },
    "hover.css": {
      "version": "2.3.2",
      "resolved": "https://registry.npmmirror.com/hover.css/-/hover.css-2.3.2.tgz",
      "integrity": "sha512-eXch700vfcoSSAcEcU154lTHBYQy2cjGT+yJZtkKWxASBBiPVkqYOdMAa0sz4cYj2YIrl1FRE2s5O4EgOaIpig=="
    },
    "jquery": {
      "version": "3.6.3",
      "resolved": "https://registry.npmmirror.com/jquery/-/jquery-3.6.3.tgz",
      "integrity": "sha512-bZ5Sy3YzKo9Fyc8wH2iIQK4JImJ6R0GWI9kL1/k7Z91ZBNgkRXE6U0JfHIizZbort8ZunhSI3jw9I6253ahKfg=="
    },
    "require.js": {
      "version": "1.0.0",
      "resolved": "https://registry.npmmirror.com/require.js/-/require.js-1.0.0.tgz",
      "integrity": "sha512-+KwgNIkkrtblYf9Agaxy8p1eTnf7QkZQGk/gq+3rfZr4tROFpCMrz9/ImWfV6dQAO34MaR+VML3jKhen0Ea03A=="
    }
  }
}
